
Microsoft Visual Studio Solution File, Format Version 12.00
# Visual Studio 14
VisualStudioVersion = 14.0.25420.1
MinimumVisualStudioVersion = 10.0.40219.1
Project("{8BC9CEB8-8B4A-11D0-8D11-00A0C91BC942}") = "Vector", "Vector\Vector.vcxproj", "{0D9AAD66-67BB-47C5-89AC-6A0695EED8B8}"
EndProject
Project("{8BC9CEB8-8B4A-11D0-8D11-00A0C91BC942}") = "VectorTests", "VectorTests\VectorTests.vcxproj", "{9EFB16C0-DDD8-4215-AA55-CAB596E36D33}"
EndProject
Project("{8BC9CEB8-8B4A-11D0-8D11-00A0C91BC942}") = "HtmlDecode", "HtmlDecode\HtmlDecode.vcxproj", "{0B5D0D30-A763-4F88-98DA-E4636AD26722}"
EndProject
Project("{8BC9CEB8-8B4A-11D0-8D11-00A0C91BC942}") = "HtmlDecodeTests", "HtmlDecodeTests\HtmlDecodeTests.vcxproj", "{B4545CAC-5027-420C-B390-0B057A83E780}"
EndProject
Project("{8BC9CEB8-8B4A-11D0-8D11-00A0C91BC942}") = "Dictionary", "Dictionary\Dictionary.vcxproj", "{66E9CD81-C0CC-41A5-93AB-C3217E4265D3}"
EndProject
Project("{8BC9CEB8-8B4A-11D0-8D11-00A0C91BC942}") = "DictionaryTests", "DictionaryTests\DictionaryTests.vcxproj", "{F27D1852-53AC-422C-B1CF-556924268BC5}"
EndProject
Project("{8BC9CEB8-8B4A-11D0-8D11-00A0C91BC942}") = "PrimeNumbers", "PrimeNumbers\PrimeNumbers.vcxproj", "{C2867DD5-28EF-4B20-8CE5-7B7E7F4D5D13}"
EndProject
Project("{8BC9CEB8-8B4A-11D0-8D11-00A0C91BC942}") = "PrimeNumbersTests", "PrimeNumbersTests\PrimeNumbersTests.vcxproj", "{8BA00C8F-6D47-45C6-8F08-4B10C51E3300}"
EndProject
Global
	GlobalSection(SolutionConfigurationPlatforms) = preSolution
		Debug|x64 = Debug|x64
		Debug|x86 = Debug|x86
		Release|x64 = Release|x64
		Release|x86 = Release|x86
	EndGlobalSection
	GlobalSection(ProjectConfigurationPlatforms) = postSolution
		{0D9AAD66-67BB-47C5-89AC-6A0695EED8B8}.Debug|x64.ActiveCfg = Debug|x64
		{0D9AAD66-67BB-47C5-89AC-6A0695EED8B8}.Debug|x64.Build.0 = Debug|x64
		{0D9AAD66-67BB-47C5-89AC-6A0695EED8B8}.Debug|x86.ActiveCfg = Debug|Win32
		{0D9AAD66-67BB-47C5-89AC-6A0695EED8B8}.Debug|x86.Build.0 = Debug|Win32
		{0D9AAD66-67BB-47C5-89AC-6A0695EED8B8}.Release|x64.ActiveCfg = Release|x64
		{0D9AAD66-67BB-47C5-89AC-6A0695EED8B8}.Release|x64.Build.0 = Release|x64
		{0D9AAD66-67BB-47C5-89AC-6A0695EED8B8}.Release|x86.ActiveCfg = Release|Win32
		{0D9AAD66-67BB-47C5-89AC-6A0695EED8B8}.Release|x86.Build.0 = Release|Win32
		{9EFB16C0-DDD8-4215-AA55-CAB596E36D33}.Debug|x64.ActiveCfg = Debug|x64
		{9EFB16C0-DDD8-4215-AA55-CAB596E36D33}.Debug|x64.Build.0 = Debug|x64
		{9EFB16C0-DDD8-4215-AA55-CAB596E36D33}.Debug|x86.ActiveCfg = Debug|Win32
		{9EFB16C0-DDD8-4215-AA55-CAB596E36D33}.Debug|x86.Build.0 = Debug|Win32
		{9EFB16C0-DDD8-4215-AA55-CAB596E36D33}.Release|x64.ActiveCfg = Release|x64
		{9EFB16C0-DDD8-4215-AA55-CAB596E36D33}.Release|x64.Build.0 = Release|x64
		{9EFB16C0-DDD8-4215-AA55-CAB596E36D33}.Release|x86.ActiveCfg = Release|Win32
		{9EFB16C0-DDD8-4215-AA55-CAB596E36D33}.Release|x86.Build.0 = Release|Win32
		{0B5D0D30-A763-4F88-98DA-E4636AD26722}.Debug|x64.ActiveCfg = Debug|x64
		{0B5D0D30-A763-4F88-98DA-E4636AD26722}.Debug|x64.Build.0 = Debug|x64
		{0B5D0D30-A763-4F88-98DA-E4636AD26722}.Debug|x86.ActiveCfg = Debug|Win32
		{0B5D0D30-A763-4F88-98DA-E4636AD26722}.Debug|x86.Build.0 = Debug|Win32
		{0B5D0D30-A763-4F88-98DA-E4636AD26722}.Release|x64.ActiveCfg = Release|x64
		{0B5D0D30-A763-4F88-98DA-E4636AD26722}.Release|x64.Build.0 = Release|x64
		{0B5D0D30-A763-4F88-98DA-E4636AD26722}.Release|x86.ActiveCfg = Release|Win32
		{0B5D0D30-A763-4F88-98DA-E4636AD26722}.Release|x86.Build.0 = Release|Win32
		{B4545CAC-5027-420C-B390-0B057A83E780}.Debug|x64.ActiveCfg = Debug|x64
		{B4545CAC-5027-420C-B390-0B057A83E780}.Debug|x64.Build.0 = Debug|x64
		{B4545CAC-5027-420C-B390-0B057A83E780}.Debug|x86.ActiveCfg = Debug|Win32
		{B4545CAC-5027-420C-B390-0B057A83E780}.Debug|x86.Build.0 = Debug|Win32
		{B4545CAC-5027-420C-B390-0B057A83E780}.Release|x64.ActiveCfg = Release|x64
		{B4545CAC-5027-420C-B390-0B057A83E780}.Release|x64.Build.0 = Release|x64
		{B4545CAC-5027-420C-B390-0B057A83E780}.Release|x86.ActiveCfg = Release|Win32
		{B4545CAC-5027-420C-B390-0B057A83E780}.Release|x86.Build.0 = Release|Win32
		{66E9CD81-C0CC-41A5-93AB-C3217E4265D3}.Debug|x64.ActiveCfg = Debug|x64
		{66E9CD81-C0CC-41A5-93AB-C3217E4265D3}.Debug|x64.Build.0 = Debug|x64
		{66E9CD81-C0CC-41A5-93AB-C3217E4265D3}.Debug|x86.ActiveCfg = Debug|Win32
		{66E9CD81-C0CC-41A5-93AB-C3217E4265D3}.Debug|x86.Build.0 = Debug|Win32
		{66E9CD81-C0CC-41A5-93AB-C3217E4265D3}.Release|x64.ActiveCfg = Release|x64
		{66E9CD81-C0CC-41A5-93AB-C3217E4265D3}.Release|x64.Build.0 = Release|x64
		{66E9CD81-C0CC-41A5-93AB-C3217E4265D3}.Release|x86.ActiveCfg = Release|Win32
		{66E9CD81-C0CC-41A5-93AB-C3217E4265D3}.Release|x86.Build.0 = Release|Win32
		{F27D1852-53AC-422C-B1CF-556924268BC5}.Debug|x64.ActiveCfg = Debug|x64
		{F27D1852-53AC-422C-B1CF-556924268BC5}.Debug|x64.Build.0 = Debug|x64
		{F27D1852-53AC-422C-B1CF-556924268BC5}.Debug|x86.ActiveCfg = Debug|Win32
		{F27D1852-53AC-422C-B1CF-556924268BC5}.Debug|x86.Build.0 = Debug|Win32
		{F27D1852-53AC-422C-B1CF-556924268BC5}.Release|x64.ActiveCfg = Release|x64
		{F27D1852-53AC-422C-B1CF-556924268BC5}.Release|x64.Build.0 = Release|x64
		{F27D1852-53AC-422C-B1CF-556924268BC5}.Release|x86.ActiveCfg = Release|Win32
		{F27D1852-53AC-422C-B1CF-556924268BC5}.Release|x86.Build.0 = Release|Win32
		{C2867DD5-28EF-4B20-8CE5-7B7E7F4D5D13}.Debug|x64.ActiveCfg = Debug|x64
		{C2867DD5-28EF-4B20-8CE5-7B7E7F4D5D13}.Debug|x64.Build.0 = Debug|x64
		{C2867DD5-28EF-4B20-8CE5-7B7E7F4D5D13}.Debug|x86.ActiveCfg = Debug|Win32
		{C2867DD5-28EF-4B20-8CE5-7B7E7F4D5D13}.Debug|x86.Build.0 = Debug|Win32
		{C2867DD5-28EF-4B20-8CE5-7B7E7F4D5D13}.Release|x64.ActiveCfg = Release|x64
		{C2867DD5-28EF-4B20-8CE5-7B7E7F4D5D13}.Release|x64.Build.0 = Release|x64
		{C2867DD5-28EF-4B20-8CE5-7B7E7F4D5D13}.Release|x86.ActiveCfg = Release|Win32
		{C2867DD5-28EF-4B20-8CE5-7B7E7F4D5D13}.Release|x86.Build.0 = Release|Win32
		{8BA00C8F-6D47-45C6-8F08-4B10C51E3300}.Debug|x64.ActiveCfg = Debug|x64
		{8BA00C8F-6D47-45C6-8F08-4B10C51E3300}.Debug|x64.Build.0 = Debug|x64
		{8BA00C8F-6D47-45C6-8F08-4B10C51E3300}.Debug|x86.ActiveCfg = Debug|Win32
		{8BA00C8F-6D47-45C6-8F08-4B10C51E3300}.Debug|x86.Build.0 = Debug|Win32
		{8BA00C8F-6D47-45C6-8F08-4B10C51E3300}.Release|x64.ActiveCfg = Release|x64
		{8BA00C8F-6D47-45C6-8F08-4B10C51E3300}.Release|x64.Build.0 = Release|x64
		{8BA00C8F-6D47-45C6-8F08-4B10C51E3300}.Release|x86.ActiveCfg = Release|Win32
		{8BA00C8F-6D47-45C6-8F08-4B10C51E3300}.Release|x86.Build.0 = Release|Win32
	EndGlobalSection
	GlobalSection(SolutionProperties) = preSolution
		HideSolutionNode = FALSE
	EndGlobalSection
EndGlobal
