
Microsoft Visual Studio Solution File, Format Version 12.00
# Visual Studio 14
VisualStudioVersion = 14.0.25420.1
MinimumVisualStudioVersion = 10.0.40219.1
Project("{8BC9CEB8-8B4A-11D0-8D11-00A0C91BC942}") = "Car", "Car\Car.vcxproj", "{4C7EC186-09B1-469D-B110-221FD6AE221B}"
EndProject
Project("{8BC9CEB8-8B4A-11D0-8D11-00A0C91BC942}") = "CarTests", "CarTests\CarTests.vcxproj", "{9E74ADDA-12B9-4AF4-8A5C-7C996083C509}"
EndProject
Project("{8BC9CEB8-8B4A-11D0-8D11-00A0C91BC942}") = "CarRemoteTests", "CarRemoteTests\CarRemoteTests.vcxproj", "{261832F0-6F55-4155-8B56-4BF41D6B7600}"
EndProject
Global
	GlobalSection(SolutionConfigurationPlatforms) = preSolution
		Debug|x64 = Debug|x64
		Debug|x86 = Debug|x86
		Release|x64 = Release|x64
		Release|x86 = Release|x86
	EndGlobalSection
	GlobalSection(ProjectConfigurationPlatforms) = postSolution
		{4C7EC186-09B1-469D-B110-221FD6AE221B}.Debug|x64.ActiveCfg = Debug|x64
		{4C7EC186-09B1-469D-B110-221FD6AE221B}.Debug|x64.Build.0 = Debug|x64
		{4C7EC186-09B1-469D-B110-221FD6AE221B}.Debug|x86.ActiveCfg = Debug|Win32
		{4C7EC186-09B1-469D-B110-221FD6AE221B}.Debug|x86.Build.0 = Debug|Win32
		{4C7EC186-09B1-469D-B110-221FD6AE221B}.Release|x64.ActiveCfg = Release|x64
		{4C7EC186-09B1-469D-B110-221FD6AE221B}.Release|x64.Build.0 = Release|x64
		{4C7EC186-09B1-469D-B110-221FD6AE221B}.Release|x86.ActiveCfg = Release|Win32
		{4C7EC186-09B1-469D-B110-221FD6AE221B}.Release|x86.Build.0 = Release|Win32
		{9E74ADDA-12B9-4AF4-8A5C-7C996083C509}.Debug|x64.ActiveCfg = Debug|x64
		{9E74ADDA-12B9-4AF4-8A5C-7C996083C509}.Debug|x64.Build.0 = Debug|x64
		{9E74ADDA-12B9-4AF4-8A5C-7C996083C509}.Debug|x86.ActiveCfg = Debug|Win32
		{9E74ADDA-12B9-4AF4-8A5C-7C996083C509}.Debug|x86.Build.0 = Debug|Win32
		{9E74ADDA-12B9-4AF4-8A5C-7C996083C509}.Release|x64.ActiveCfg = Release|x64
		{9E74ADDA-12B9-4AF4-8A5C-7C996083C509}.Release|x64.Build.0 = Release|x64
		{9E74ADDA-12B9-4AF4-8A5C-7C996083C509}.Release|x86.ActiveCfg = Release|Win32
		{9E74ADDA-12B9-4AF4-8A5C-7C996083C509}.Release|x86.Build.0 = Release|Win32
		{261832F0-6F55-4155-8B56-4BF41D6B7600}.Debug|x64.ActiveCfg = Debug|x64
		{261832F0-6F55-4155-8B56-4BF41D6B7600}.Debug|x64.Build.0 = Debug|x64
		{261832F0-6F55-4155-8B56-4BF41D6B7600}.Debug|x86.ActiveCfg = Debug|Win32
		{261832F0-6F55-4155-8B56-4BF41D6B7600}.Debug|x86.Build.0 = Debug|Win32
		{261832F0-6F55-4155-8B56-4BF41D6B7600}.Release|x64.ActiveCfg = Release|x64
		{261832F0-6F55-4155-8B56-4BF41D6B7600}.Release|x64.Build.0 = Release|x64
		{261832F0-6F55-4155-8B56-4BF41D6B7600}.Release|x86.ActiveCfg = Release|Win32
		{261832F0-6F55-4155-8B56-4BF41D6B7600}.Release|x86.Build.0 = Release|Win32
	EndGlobalSection
	GlobalSection(SolutionProperties) = preSolution
		HideSolutionNode = FALSE
	EndGlobalSection
EndGlobal
